
Microsoft Visual Studio Solution File, Format Version 12.00
# Visual Studio 15
VisualStudioVersion = 15.0.28307.1525
MinimumVisualStudioVersion = 10.0.40219.1
Project("{FAE04EC0-301F-11D3-BF4B-00C04F79EFBC}") = "RepositoryUsingEFinMVC", "RepositoryUsingEFinMVC\RepositoryUsingEFinMVC.csproj", "{1A338172-79B2-42A1-B697-E925ED2E9107}"
EndProject
Global
	GlobalSection(SolutionConfigurationPlatforms) = preSolution
		Debug|Any CPU = Debug|Any CPU
		Release|Any CPU = Release|Any CPU
	EndGlobalSection
	GlobalSection(ProjectConfigurationPlatforms) = postSolution
		{1A338172-79B2-42A1-B697-E925ED2E9107}.Debug|Any CPU.ActiveCfg = Debug|Any CPU
		{1A338172-79B2-42A1-B697-E925ED2E9107}.Debug|Any CPU.Build.0 = Debug|Any CPU
		{1A338172-79B2-42A1-B697-E925ED2E9107}.Release|Any CPU.ActiveCfg = Release|Any CPU
		{1A338172-79B2-42A1-B697-E925ED2E9107}.Release|Any CPU.Build.0 = Release|Any CPU
	EndGlobalSection
	GlobalSection(SolutionProperties) = preSolution
		HideSolutionNode = FALSE
	EndGlobalSection
	GlobalSection(ExtensibilityGlobals) = postSolution
		SolutionGuid = {D76995C4-C663-4A27-89C2-03DD8391ACA1}
	EndGlobalSection
EndGlobal
